
Microsoft Visual Studio Solution File, Format Version 12.00
# Visual Studio 14
VisualStudioVersion = 14.0.24720.0
MinimumVisualStudioVersion = 10.0.40219.1
Project("{FAE04EC0-301F-11D3-BF4B-00C04F79EFBC}") = "Revit.IFC.Common", "Revit.IFC.Common.csproj", "{875AA682-9F23-4FAE-A2FE-5BE4FCE61CA4}"
EndProject
Project("{FAE04EC0-301F-11D3-BF4B-00C04F79EFBC}") = "Revit.IFC.Export", "..\Revit.IFC.Export\Revit.IFC.Export.csproj", "{5D6D2DDB-EF6D-46AB-8A15-1EB274001FF7}"
EndProject
Global
	GlobalSection(SolutionConfigurationPlatforms) = preSolution
		Debug|Any CPU = Debug|Any CPU
		Release|Any CPU = Release|Any CPU
	EndGlobalSection
	GlobalSection(ProjectConfigurationPlatforms) = postSolution
		{875AA682-9F23-4FAE-A2FE-5BE4FCE61CA4}.Debug|Any CPU.ActiveCfg = Debug|Any CPU
		{875AA682-9F23-4FAE-A2FE-5BE4FCE61CA4}.Debug|Any CPU.Build.0 = Debug|Any CPU
		{875AA682-9F23-4FAE-A2FE-5BE4FCE61CA4}.Release|Any CPU.ActiveCfg = Release|Any CPU
		{875AA682-9F23-4FAE-A2FE-5BE4FCE61CA4}.Release|Any CPU.Build.0 = Release|Any CPU
		{5D6D2DDB-EF6D-46AB-8A15-1EB274001FF7}.Debug|Any CPU.ActiveCfg = Debug|Any CPU
		{5D6D2DDB-EF6D-46AB-8A15-1EB274001FF7}.Debug|Any CPU.Build.0 = Debug|Any CPU
		{5D6D2DDB-EF6D-46AB-8A15-1EB274001FF7}.Release|Any CPU.ActiveCfg = Release|Any CPU
		{5D6D2DDB-EF6D-46AB-8A15-1EB274001FF7}.Release|Any CPU.Build.0 = Release|Any CPU
	EndGlobalSection
	GlobalSection(SolutionProperties) = preSolution
		HideSolutionNode = FALSE
	EndGlobalSection
EndGlobal
